
Microsoft Visual Studio Solution File, Format Version 12.00
# Visual Studio Version 17
VisualStudioVersion = 17.3.32721.290
MinimumVisualStudioVersion = 10.0.40219.1
Project("{FAE04EC0-301F-11D3-BF4B-00C04F79EFBC}") = "Swiss", "Swiss\Swiss.csproj", "{014C26C5-EC43-41DB-9E8E-D766A8DAD752}"
EndProject
Project("{FAE04EC0-301F-11D3-BF4B-00C04F79EFBC}") = "Swiss.Tests", "Swiss.Tests\Swiss.Tests.csproj", "{C5BF029B-C87A-4785-B864-29276A5D1181}"
EndProject
Global
	GlobalSection(SolutionConfigurationPlatforms) = preSolution
		Debug|Any CPU = Debug|Any CPU
		Release|Any CPU = Release|Any CPU
	EndGlobalSection
	GlobalSection(ProjectConfigurationPlatforms) = postSolution
		{014C26C5-EC43-41DB-9E8E-D766A8DAD752}.Debug|Any CPU.ActiveCfg = Debug|Any CPU
		{014C26C5-EC43-41DB-9E8E-D766A8DAD752}.Debug|Any CPU.Build.0 = Debug|Any CPU
		{014C26C5-EC43-41DB-9E8E-D766A8DAD752}.Release|Any CPU.ActiveCfg = Release|Any CPU
		{014C26C5-EC43-41DB-9E8E-D766A8DAD752}.Release|Any CPU.Build.0 = Release|Any CPU
		{C5BF029B-C87A-4785-B864-29276A5D1181}.Debug|Any CPU.ActiveCfg = Debug|Any CPU
		{C5BF029B-C87A-4785-B864-29276A5D1181}.Debug|Any CPU.Build.0 = Debug|Any CPU
		{C5BF029B-C87A-4785-B864-29276A5D1181}.Release|Any CPU.ActiveCfg = Release|Any CPU
		{C5BF029B-C87A-4785-B864-29276A5D1181}.Release|Any CPU.Build.0 = Release|Any CPU
	EndGlobalSection
	GlobalSection(SolutionProperties) = preSolution
		HideSolutionNode = FALSE
	EndGlobalSection
	GlobalSection(ExtensibilityGlobals) = postSolution
		SolutionGuid = {3C1009E7-FA91-47FE-9916-E870937BFFA3}
	EndGlobalSection
EndGlobal
